
Microsoft Visual Studio Solution File, Format Version 12.00
# Visual Studio Version 17
VisualStudioVersion = 17.9.34622.214
MinimumVisualStudioVersion = 10.0.40219.1
Project("{FAE04EC0-301F-11D3-BF4B-00C04F79EFBC}") = "BridgeProject", "BridgeProject\BridgeProject.csproj", "{B0D8CF05-AF38-45E1-920F-EAB4081A9ECD}"
EndProject
Global
	GlobalSection(SolutionConfigurationPlatforms) = preSolution
		Debug|Any CPU = Debug|Any CPU
		Release|Any CPU = Release|Any CPU
	EndGlobalSection
	GlobalSection(ProjectConfigurationPlatforms) = postSolution
		{B0D8CF05-AF38-45E1-920F-EAB4081A9ECD}.Debug|Any CPU.ActiveCfg = Debug|Any CPU
		{B0D8CF05-AF38-45E1-920F-EAB4081A9ECD}.Debug|Any CPU.Build.0 = Debug|Any CPU
		{B0D8CF05-AF38-45E1-920F-EAB4081A9ECD}.Release|Any CPU.ActiveCfg = Release|Any CPU
		{B0D8CF05-AF38-45E1-920F-EAB4081A9ECD}.Release|Any CPU.Build.0 = Release|Any CPU
	EndGlobalSection
	GlobalSection(SolutionProperties) = preSolution
		HideSolutionNode = FALSE
	EndGlobalSection
	GlobalSection(ExtensibilityGlobals) = postSolution
		SolutionGuid = {9B62E35B-D668-4AFF-BB5E-E38BFACDD9F4}
	EndGlobalSection
EndGlobal
